
Microsoft Visual Studio Solution File, Format Version 12.00
# Visual Studio Version 17
VisualStudioVersion = 17.3.32804.467
MinimumVisualStudioVersion = 10.0.40219.1
Project("{FAE04EC0-301F-11D3-BF4B-00C04F79EFBC}") = "pryAdministracionClinica", "prySP1Clinica\pryAdministracionClinica.csproj", "{FB872CDC-3A9D-470E-B982-03133FD20736}"
EndProject
Global
	GlobalSection(SolutionConfigurationPlatforms) = preSolution
		Debug|Any CPU = Debug|Any CPU
		Release|Any CPU = Release|Any CPU
	EndGlobalSection
	GlobalSection(ProjectConfigurationPlatforms) = postSolution
		{FB872CDC-3A9D-470E-B982-03133FD20736}.Debug|Any CPU.ActiveCfg = Debug|Any CPU
		{FB872CDC-3A9D-470E-B982-03133FD20736}.Debug|Any CPU.Build.0 = Debug|Any CPU
		{FB872CDC-3A9D-470E-B982-03133FD20736}.Release|Any CPU.ActiveCfg = Release|Any CPU
		{FB872CDC-3A9D-470E-B982-03133FD20736}.Release|Any CPU.Build.0 = Release|Any CPU
	EndGlobalSection
	GlobalSection(SolutionProperties) = preSolution
		HideSolutionNode = FALSE
	EndGlobalSection
	GlobalSection(ExtensibilityGlobals) = postSolution
		SolutionGuid = {E3977814-A0BD-4B84-80B0-0150CCBE3494}
	EndGlobalSection
EndGlobal
